
Microsoft Visual Studio Solution File, Format Version 12.00
# Visual Studio Version 17
VisualStudioVersion = 17.14.37012.4 d17.14
MinimumVisualStudioVersion = 10.0.40219.1
Project("{FAE04EC0-301F-11D3-BF4B-00C04F79EFBC}") = "UI", "UI\UI.csproj", "{A3BE65F0-4403-4C55-BAB2-23A7E7FFA9BB}"
EndProject
Global
	GlobalSection(SolutionConfigurationPlatforms) = preSolution
		Debug|Any CPU = Debug|Any CPU
		Release|Any CPU = Release|Any CPU
	EndGlobalSection
	GlobalSection(ProjectConfigurationPlatforms) = postSolution
		{A3BE65F0-4403-4C55-BAB2-23A7E7FFA9BB}.Debug|Any CPU.ActiveCfg = Debug|Any CPU
		{A3BE65F0-4403-4C55-BAB2-23A7E7FFA9BB}.Debug|Any CPU.Build.0 = Debug|Any CPU
		{A3BE65F0-4403-4C55-BAB2-23A7E7FFA9BB}.Release|Any CPU.ActiveCfg = Release|Any CPU
		{A3BE65F0-4403-4C55-BAB2-23A7E7FFA9BB}.Release|Any CPU.Build.0 = Release|Any CPU
	EndGlobalSection
	GlobalSection(SolutionProperties) = preSolution
		HideSolutionNode = FALSE
	EndGlobalSection
	GlobalSection(ExtensibilityGlobals) = postSolution
		SolutionGuid = {EA28EB74-9CDB-42A3-B4A7-3FA48337DB98}
	EndGlobalSection
EndGlobal
